<?xml version="1.0" encoding="utf-8"?>
<Project ToolsVersion="4.0" xmlns="http://schemas.microsoft.com/developer/msbuild/2003">
  <ItemGroup>
    <Filter Include="Source Files">
      <UniqueIdentifier>{4FC737F1-C7A5-4376-A066-2A32D752A2FF}</UniqueIdentifier>
      <Extensions>qml;cpp;c;cc;cxx;def;odl;idl;hpj;bat;asm;asmx</Extensions>
    </Filter>
    <Filter Include="Header Files">
      <UniqueIdentifier>{93995380-89BD-4b04-88EB-625FBE52EBFB}</UniqueIdentifier>
      <Extensions>h;hh;hpp;hxx;hm;inl;inc;xsd</Extensions>
    </Filter>
    <Filter Include="Resource Files">
      <UniqueIdentifier>{67DA6AB6-F800-4c08-8B7A-83BB121AAD01}</UniqueIdentifier>
      <Extensions>qrc;rc;ico;cur;bmp;dlg;rc2;rct;bin;rgs;gif;jpg;jpeg;jpe;resx;tiff;tif;png;wav;mfcribbon-ms</Extensions>
    </Filter>
    <Filter Include="Form Files">
      <UniqueIdentifier>{99349809-55BA-4b9d-BF79-8FDBB0286EB3}</UniqueIdentifier>
      <Extensions>ui</Extensions>
    </Filter>
    <Filter Include="Translation Files">
      <UniqueIdentifier>{639EADAA-A684-42e4-A9AD-28FC9BCB8F7C}</UniqueIdentifier>
      <Extensions>ts</Extensions>
    </Filter>
    <Filter Include="src">
      <UniqueIdentifier>{835ef3ca-476d-4643-9d60-dfaa809a23d6}</UniqueIdentifier>
    </Filter>
    <Filter Include="src\fend">
      <UniqueIdentifier>{1b33c348-1df1-4689-8a40-1609df0c62f9}</UniqueIdentifier>
    </Filter>
    <Filter Include="src\fend\uiLogin">
      <UniqueIdentifier>{d7540906-b02c-45be-b7c0-1fedcaed1d71}</UniqueIdentifier>
    </Filter>
    <Filter Include="src\fend\uiMain">
      <UniqueIdentifier>{f936953e-6538-4999-aee3-b64170aece24}</UniqueIdentifier>
    </Filter>
    <Filter Include="src\fend\uiMain\01.BucketsWidget">
      <UniqueIdentifier>{b82290da-6de4-47b0-a28b-d44d60c4f7b6}</UniqueIdentifier>
    </Filter>
    <Filter Include="src\fend\uiMain\02.ToolBarWidget">
      <UniqueIdentifier>{5149b6a0-dc3a-4699-ae28-00d81dcf79a7}</UniqueIdentifier>
    </Filter>
    <Filter Include="src\fend\uiCommon">
      <UniqueIdentifier>{f97fb5a8-19b6-4df3-bd8c-ba1da2486fd9}</UniqueIdentifier>
    </Filter>
    <Filter Include="src\fend\uiCommon\01.BreadWidget">
      <UniqueIdentifier>{1c4e1659-f591-4bfd-aa13-9cfc7ef5208d}</UniqueIdentifier>
    </Filter>
    <Filter Include="src\fend\uiMain\03.ObjectsWidget">
      <UniqueIdentifier>{4c56086f-b19c-48e1-9d04-e2818467a078}</UniqueIdentifier>
    </Filter>
    <Filter Include="src\fend\uiCommon\02.PageWidget">
      <UniqueIdentifier>{edc49049-008f-4bc2-8ac8-edc2179f03d2}</UniqueIdentifier>
    </Filter>
  </ItemGroup>
  <ItemGroup>
    <QtRcc Include="MyCloudDrive.qrc">
      <Filter>Resource Files</Filter>
    </QtRcc>
  </ItemGroup>
  <ItemGroup>
    <ClCompile Include="main.cpp">
      <Filter>Source Files</Filter>
    </ClCompile>
    <ClCompile Include="src\fend\uiLogin\LoginDialog.cpp">
      <Filter>src\fend\uiLogin</Filter>
    </ClCompile>
    <ClCompile Include="src\fend\uiMain\MainWidget.cpp">
      <Filter>src\fend\uiMain</Filter>
    </ClCompile>
    <ClCompile Include="src\fend\uiMain\BucketsWidget\BucketsWidget.cpp">
      <Filter>src\fend\uiMain\01.BucketsWidget</Filter>
    </ClCompile>
    <ClCompile Include="src\fend\uiMain\ToolBarWidget\ToolBarWidget.cpp">
      <Filter>src\fend\uiMain\02.ToolBarWidget</Filter>
    </ClCompile>
    <ClCompile Include="src\fend\uiCommon\BreadWidget\BreadWidget.cpp">
      <Filter>src\fend\uiCommon\01.BreadWidget</Filter>
    </ClCompile>
    <ClCompile Include="src\fend\uiMain\ObjectsWidget\ObjectsWidget.cpp">
      <Filter>src\fend\uiMain\03.ObjectsWidget</Filter>
    </ClCompile>
    <ClCompile Include="src\fend\uiCommon\PageWidget\PageWidget.cpp">
      <Filter>src\fend\uiCommon\02.PageWidget</Filter>
    </ClCompile>
  </ItemGroup>
  <ItemGroup>
    <QtMoc Include="src\fend\uiLogin\LoginDialog.h">
      <Filter>src\fend\uiLogin</Filter>
    </QtMoc>
    <QtMoc Include="src\fend\uiMain\MainWidget.h">
      <Filter>src\fend\uiMain</Filter>
    </QtMoc>
    <QtMoc Include="src\fend\uiMain\BucketsWidget\BucketsWidget.h">
      <Filter>src\fend\uiMain\01.BucketsWidget</Filter>
    </QtMoc>
    <QtMoc Include="src\fend\uiMain\ToolBarWidget\ToolBarWidget.h">
      <Filter>src\fend\uiMain\02.ToolBarWidget</Filter>
    </QtMoc>
    <QtMoc Include="src\fend\uiCommon\BreadWidget\BreadWidget.h">
      <Filter>src\fend\uiCommon\01.BreadWidget</Filter>
    </QtMoc>
    <QtMoc Include="src\fend\uiMain\ObjectsWidget\ObjectsWidget.h">
      <Filter>src\fend\uiMain\03.ObjectsWidget</Filter>
    </QtMoc>
    <QtMoc Include="src\fend\uiCommon\PageWidget\PageWidget.h">
      <Filter>src\fend\uiCommon\02.PageWidget</Filter>
    </QtMoc>
  </ItemGroup>
  <ItemGroup>
    <QtUic Include="src\fend\uiLogin\LoginDialog.ui">
      <Filter>src\fend\uiLogin</Filter>
    </QtUic>
    <QtUic Include="src\fend\uiMain\MainWidget.ui">
      <Filter>src\fend\uiMain</Filter>
    </QtUic>
    <QtUic Include="src\fend\uiMain\BucketsWidget\BucketsWidget.ui">
      <Filter>src\fend\uiMain\01.BucketsWidget</Filter>
    </QtUic>
    <QtUic Include="src\fend\uiMain\ToolBarWidget\ToolBarWidget.ui">
      <Filter>src\fend\uiMain\02.ToolBarWidget</Filter>
    </QtUic>
    <QtUic Include="src\fend\uiCommon\BreadWidget\BreadWidget.ui">
      <Filter>src\fend\uiCommon\01.BreadWidget</Filter>
    </QtUic>
    <QtUic Include="src\fend\uiMain\ObjectsWidget\ObjectsWidget.ui">
      <Filter>src\fend\uiMain\03.ObjectsWidget</Filter>
    </QtUic>
    <QtUic Include="src\fend\uiCommon\PageWidget\PageWidget.ui">
      <Filter>src\fend\uiCommon\02.PageWidget</Filter>
    </QtUic>
  </ItemGroup>
</Project>